// !$*UTF8*$!
{
	archiveVersion = 1;
	classes = {
	};
	objectVersion = 46;
	objects = {

/* Begin PBXBuildFile section */
		648E36581EA845E2008344C7 /* AppDelegate.swift in Sources */ = {isa = PBXBuildFile; fileRef = 648E36571EA845E2008344C7 /* AppDelegate.swift */; };
		648E365D1EA845E2008344C7 /* Main.storyboard in Resources */ = {isa = PBXBuildFile; fileRef = 648E365B1EA845E2008344C7 /* Main.storyboard */; };
		648E365F1EA845E2008344C7 /* Assets.xcassets in Resources */ = {isa = PBXBuildFile; fileRef = 648E365E1EA845E2008344C7 /* Assets.xcassets */; };
		648E36621EA845E2008344C7 /* LaunchScreen.storyboard in Resources */ = {isa = PBXBuildFile; fileRef = 648E36601EA845E2008344C7 /* LaunchScreen.storyboard */; };
		648E366D1EA845E2008344C7 /* MyFirstSwiftDomeTests.swift in Sources */ = {isa = PBXBuildFile; fileRef = 648E366C1EA845E2008344C7 /* MyFirstSwiftDomeTests.swift */; };
		648E36781EA845E2008344C7 /* MyFirstSwiftDomeUITests.swift in Sources */ = {isa = PBXBuildFile; fileRef = 648E36771EA845E2008344C7 /* MyFirstSwiftDomeUITests.swift */; };
		648E36861EA84614008344C7 /* MainViewController.swift in Sources */ = {isa = PBXBuildFile; fileRef = 648E36851EA84614008344C7 /* MainViewController.swift */; };
		648E368D1EA855F0008344C7 /* LabelViewController.swift in Sources */ = {isa = PBXBuildFile; fileRef = 648E368C1EA855F0008344C7 /* LabelViewController.swift */; };
		648E368F1EA85F18008344C7 /* ButtonViewController.swift in Sources */ = {isa = PBXBuildFile; fileRef = 648E368E1EA85F18008344C7 /* ButtonViewController.swift */; };
		648E36911EA85FDE008344C7 /* ViewViewController.swift in Sources */ = {isa = PBXBuildFile; fileRef = 648E36901EA85FDE008344C7 /* ViewViewController.swift */; };
		648E36931EA86057008344C7 /* TextFieldViewController.swift in Sources */ = {isa = PBXBuildFile; fileRef = 648E36921EA86057008344C7 /* TextFieldViewController.swift */; };
		648E36951EA86090008344C7 /* ImageViewController.swift in Sources */ = {isa = PBXBuildFile; fileRef = 648E36941EA86090008344C7 /* ImageViewController.swift */; };
		648E36971EA860FF008344C7 /* BaseViewController.swift in Sources */ = {isa = PBXBuildFile; fileRef = 648E36961EA860FF008344C7 /* BaseViewController.swift */; };
		648E36991EA875AB008344C7 /* 书包看书.png in Resources */ = {isa = PBXBuildFile; fileRef = 648E36981EA875AB008344C7 /* 书包看书.png */; };
/* End PBXBuildFile section */

/* Begin PBXContainerItemProxy section */
		648E36691EA845E2008344C7 /* PBXContainerItemProxy */ = {
			isa = PBXContainerItemProxy;
			containerPortal = 648E364C1EA845E1008344C7 /* Project object */;
			proxyType = 1;
			remoteGlobalIDString = 648E36531EA845E1008344C7;
			remoteInfo = MyFirstSwiftDome;
		};
		648E36741EA845E2008344C7 /* PBXContainerItemProxy */ = {
			isa = PBXContainerItemProxy;
			containerPortal = 648E364C1EA845E1008344C7 /* Project object */;
			proxyType = 1;
			remoteGlobalIDString = 648E36531EA845E1008344C7;
			remoteInfo = MyFirstSwiftDome;
		};
/* End PBXContainerItemProxy section */

/* Begin PBXFileReference section */
		648E36541EA845E1008344C7 /* MyFirstSwiftDome.app */ = {isa = PBXFileReference; explicitFileType = wrapper.application; includeInIndex = 0; path = MyFirstSwiftDome.app; sourceTree = BUILT_PRODUCTS_DIR; };
		648E36571EA845E2008344C7 /* AppDelegate.swift */ = {isa = PBXFileReference; lastKnownFileType = sourcecode.swift; path = AppDelegate.swift; sourceTree = "<group>"; };
		648E365C1EA845E2008344C7 /* Base */ = {isa = PBXFileReference; lastKnownFileType = file.storyboard; name = Base; path = Base.lproj/Main.storyboard; sourceTree = "<group>"; };
		648E365E1EA845E2008344C7 /* Assets.xcassets */ = {isa = PBXFileReference; lastKnownFileType = folder.assetcatalog; path = Assets.xcassets; sourceTree = "<group>"; };
		648E36611EA845E2008344C7 /* Base */ = {isa = PBXFileReference; lastKnownFileType = file.storyboard; name = Base; path = Base.lproj/LaunchScreen.storyboard; sourceTree = "<group>"; };
		648E36631EA845E2008344C7 /* Info.plist */ = {isa = PBXFileReference; lastKnownFileType = text.plist.xml; path = Info.plist; sourceTree = "<group>"; };
		648E36681EA845E2008344C7 /* MyFirstSwiftDomeTests.xctest */ = {isa = PBXFileReference; explicitFileType = wrapper.cfbundle; includeInIndex = 0; path = MyFirstSwiftDomeTests.xctest; sourceTree = BUILT_PRODUCTS_DIR; };
		648E366C1EA845E2008344C7 /* MyFirstSwiftDomeTests.swift */ = {isa = PBXFileReference; lastKnownFileType = sourcecode.swift; path = MyFirstSwiftDomeTests.swift; sourceTree = "<group>"; };
		648E366E1EA845E2008344C7 /* Info.plist */ = {isa = PBXFileReference; lastKnownFileType = text.plist.xml; path = Info.plist; sourceTree = "<group>"; };
		648E36731EA845E2008344C7 /* MyFirstSwiftDomeUITests.xctest */ = {isa = PBXFileReference; explicitFileType = wrapper.cfbundle; includeInIndex = 0; path = MyFirstSwiftDomeUITests.xctest; sourceTree = BUILT_PRODUCTS_DIR; };
		648E36771EA845E2008344C7 /* MyFirstSwiftDomeUITests.swift */ = {isa = PBXFileReference; lastKnownFileType = sourcecode.swift; path = MyFirstSwiftDomeUITests.swift; sourceTree = "<group>"; };
		648E36791EA845E2008344C7 /* Info.plist */ = {isa = PBXFileReference; lastKnownFileType = text.plist.xml; path = Info.plist; sourceTree = "<group>"; };
		648E36851EA84614008344C7 /* MainViewController.swift */ = {isa = PBXFileReference; fileEncoding = 4; lastKnownFileType = sourcecode.swift; path = MainViewController.swift; sourceTree = "<group>"; };
		648E368C1EA855F0008344C7 /* LabelViewController.swift */ = {isa = PBXFileReference; fileEncoding = 4; lastKnownFileType = sourcecode.swift; path = LabelViewController.swift; sourceTree = "<group>"; };
		648E368E1EA85F18008344C7 /* ButtonViewController.swift */ = {isa = PBXFileReference; fileEncoding = 4; lastKnownFileType = sourcecode.swift; path = ButtonViewController.swift; sourceTree = "<group>"; };
		648E36901EA85FDE008344C7 /* ViewViewController.swift */ = {isa = PBXFileReference; fileEncoding = 4; lastKnownFileType = sourcecode.swift; path = ViewViewController.swift; sourceTree = "<group>"; };
		648E36921EA86057008344C7 /* TextFieldViewController.swift */ = {isa = PBXFileReference; fileEncoding = 4; lastKnownFileType = sourcecode.swift; path = TextFieldViewController.swift; sourceTree = "<group>"; };
		648E36941EA86090008344C7 /* ImageViewController.swift */ = {isa = PBXFileReference; fileEncoding = 4; lastKnownFileType = sourcecode.swift; path = ImageViewController.swift; sourceTree = "<group>"; };
		648E36961EA860FF008344C7 /* BaseViewController.swift */ = {isa = PBXFileReference; fileEncoding = 4; lastKnownFileType = sourcecode.swift; path = BaseViewController.swift; sourceTree = "<group>"; };
		648E36981EA875AB008344C7 /* 书包看书.png */ = {isa = PBXFileReference; lastKnownFileType = image.png; path = "书包看书.png"; sourceTree = "<group>"; };
/* End PBXFileReference section */

/* Begin PBXFrameworksBuildPhase section */
		648E36511EA845E1008344C7 /* Frameworks */ = {
			isa = PBXFrameworksBuildPhase;
			buildActionMask = 2147483647;
			files = (
			);
			runOnlyForDeploymentPostprocessing = 0;
		};
		648E36651EA845E2008344C7 /* Frameworks */ = {
			isa = PBXFrameworksBuildPhase;
			buildActionMask = 2147483647;
			files = (
			);
			runOnlyForDeploymentPostprocessing = 0;
		};
		648E36701EA845E2008344C7 /* Frameworks */ = {
			isa = PBXFrameworksBuildPhase;
			buildActionMask = 2147483647;
			files = (
			);
			runOnlyForDeploymentPostprocessing = 0;
		};
/* End PBXFrameworksBuildPhase section */

/* Begin PBXGroup section */
		648E364B1EA845E1008344C7 = {
			isa = PBXGroup;
			children = (
				648E36561EA845E1008344C7 /* MyFirstSwiftDome */,
				648E366B1EA845E2008344C7 /* MyFirstSwiftDomeTests */,
				648E36761EA845E2008344C7 /* MyFirstSwiftDomeUITests */,
				648E36551EA845E1008344C7 /* Products */,
			);
			sourceTree = "<group>";
		};
		648E36551EA845E1008344C7 /* Products */ = {
			isa = PBXGroup;
			children = (
				648E36541EA845E1008344C7 /* MyFirstSwiftDome.app */,
				648E36681EA845E2008344C7 /* MyFirstSwiftDomeTests.xctest */,
				648E36731EA845E2008344C7 /* MyFirstSwiftDomeUITests.xctest */,
			);
			name = Products;
			sourceTree = "<group>";
		};
		648E36561EA845E1008344C7 /* MyFirstSwiftDome */ = {
			isa = PBXGroup;
			children = (
				648E368B1EA855D6008344C7 /* Button */,
				648E368A1EA855CE008344C7 /* Label */,
				648E36871EA855C4008344C7 /* UIImageView */,
				648E36881EA855C4008344C7 /* UITextField */,
				648E36891EA855C4008344C7 /* UIView */,
				648E36571EA845E2008344C7 /* AppDelegate.swift */,
				648E36851EA84614008344C7 /* MainViewController.swift */,
				648E36961EA860FF008344C7 /* BaseViewController.swift */,
				648E365B1EA845E2008344C7 /* Main.storyboard */,
				648E365E1EA845E2008344C7 /* Assets.xcassets */,
				648E36601EA845E2008344C7 /* LaunchScreen.storyboard */,
				648E36631EA845E2008344C7 /* Info.plist */,
				648E36981EA875AB008344C7 /* 书包看书.png */,
			);
			path = MyFirstSwiftDome;
			sourceTree = "<group>";
		};
		648E366B1EA845E2008344C7 /* MyFirstSwiftDomeTests */ = {
			isa = PBXGroup;
			children = (
				648E366C1EA845E2008344C7 /* MyFirstSwiftDomeTests.swift */,
				648E366E1EA845E2008344C7 /* Info.plist */,
			);
			path = MyFirstSwiftDomeTests;
			sourceTree = "<group>";
		};
		648E36761EA845E2008344C7 /* MyFirstSwiftDomeUITests */ = {
			isa = PBXGroup;
			children = (
				648E36771EA845E2008344C7 /* MyFirstSwiftDomeUITests.swift */,
				648E36791EA845E2008344C7 /* Info.plist */,
			);
			path = MyFirstSwiftDomeUITests;
			sourceTree = "<group>";
		};
		648E36871EA855C4008344C7 /* UIImageView */ = {
			isa = PBXGroup;
			children = (
				648E36941EA86090008344C7 /* ImageViewController.swift */,
			);
			path = UIImageView;
			sourceTree = "<group>";
		};
		648E36881EA855C4008344C7 /* UITextField */ = {
			isa = PBXGroup;
			children = (
				648E36921EA86057008344C7 /* TextFieldViewController.swift */,
			);
			path = UITextField;
			sourceTree = "<group>";
		};
		648E36891EA855C4008344C7 /* UIView */ = {
			isa = PBXGroup;
			children = (
				648E36901EA85FDE008344C7 /* ViewViewController.swift */,
			);
			path = UIView;
			sourceTree = "<group>";
		};
		648E368A1EA855CE008344C7 /* Label */ = {
			isa = PBXGroup;
			children = (
				648E368C1EA855F0008344C7 /* LabelViewController.swift */,
			);
			path = Label;
			sourceTree = "<group>";
		};
		648E368B1EA855D6008344C7 /* Button */ = {
			isa = PBXGroup;
			children = (
				648E368E1EA85F18008344C7 /* ButtonViewController.swift */,
			);
			path = Button;
			sourceTree = "<group>";
		};
/* End PBXGroup section */

/* Begin PBXNativeTarget section */
		648E36531EA845E1008344C7 /* MyFirstSwiftDome */ = {
			isa = PBXNativeTarget;
			buildConfigurationList = 648E367C1EA845E2008344C7 /* Build configuration list for PBXNativeTarget "MyFirstSwiftDome" */;
			buildPhases = (
				648E36501EA845E1008344C7 /* Sources */,
				648E36511EA845E1008344C7 /* Frameworks */,
				648E36521EA845E1008344C7 /* Resources */,
			);
			buildRules = (
			);
			dependencies = (
			);
			name = MyFirstSwiftDome;
			productName = MyFirstSwiftDome;
			productReference = 648E36541EA845E1008344C7 /* MyFirstSwiftDome.app */;
			productType = "com.apple.product-type.application";
		};
		648E36671EA845E2008344C7 /* MyFirstSwiftDomeTests */ = {
			isa = PBXNativeTarget;
			buildConfigurationList = 648E367F1EA845E2008344C7 /* Build configuration list for PBXNativeTarget "MyFirstSwiftDomeTests" */;
			buildPhases = (
				648E36641EA845E2008344C7 /* Sources */,
				648E36651EA845E2008344C7 /* Frameworks */,
				648E36661EA845E2008344C7 /* Resources */,
			);
			buildRules = (
			);
			dependencies = (
				648E366A1EA845E2008344C7 /* PBXTargetDependency */,
			);
			name = MyFirstSwiftDomeTests;
			productName = MyFirstSwiftDomeTests;
			productReference = 648E36681EA845E2008344C7 /* MyFirstSwiftDomeTests.xctest */;
			productType = "com.apple.product-type.bundle.unit-test";
		};
		648E36721EA845E2008344C7 /* MyFirstSwiftDomeUITests */ = {
			isa = PBXNativeTarget;
			buildConfigurationList = 648E36821EA845E2008344C7 /* Build configuration list for PBXNativeTarget "MyFirstSwiftDomeUITests" */;
			buildPhases = (
				648E366F1EA845E2008344C7 /* Sources */,
				648E36701EA845E2008344C7 /* Frameworks */,
				648E36711EA845E2008344C7 /* Resources */,
			);
			buildRules = (
			);
			dependencies = (
				648E36751EA845E2008344C7 /* PBXTargetDependency */,
			);
			name = MyFirstSwiftDomeUITests;
			productName = MyFirstSwiftDomeUITests;
			productReference = 648E36731EA845E2008344C7 /* MyFirstSwiftDomeUITests.xctest */;
			productType = "com.apple.product-type.bundle.ui-testing";
		};
/* End PBXNativeTarget section */

/* Begin PBXProject section */
		648E364C1EA845E1008344C7 /* Project object */ = {
			isa = PBXProject;
			attributes = {
				LastSwiftUpdateCheck = 0820;
				LastUpgradeCheck = 0820;
				ORGANIZATIONNAME = shen;
				TargetAttributes = {
					648E36531EA845E1008344C7 = {
						CreatedOnToolsVersion = 8.2.1;
						DevelopmentTeam = 3LNCXDL3W9;
						ProvisioningStyle = Automatic;
					};
					648E36671EA845E2008344C7 = {
						CreatedOnToolsVersion = 8.2.1;
						DevelopmentTeam = 3LNCXDL3W9;
						ProvisioningStyle = Automatic;
						TestTargetID = 648E36531EA845E1008344C7;
					};
					648E36721EA845E2008344C7 = {
						CreatedOnToolsVersion = 8.2.1;
						DevelopmentTeam = 3LNCXDL3W9;
						ProvisioningStyle = Automatic;
						TestTargetID = 648E36531EA845E1008344C7;
					};
				};
			};
			buildConfigurationList = 648E364F1EA845E1008344C7 /* Build configuration list for PBXProject "MyFirstSwiftDome" */;
			compatibilityVersion = "Xcode 3.2";
			developmentRegion = English;
			hasScannedForEncodings = 0;
			knownRegions = (
				en,
				Base,
			);
			mainGroup = 648E364B1EA845E1008344C7;
			productRefGroup = 648E36551EA845E1008344C7 /* Products */;
			projectDirPath = "";
			projectRoot = "";
			targets = (
				648E36531EA845E1008344C7 /* MyFirstSwiftDome */,
				648E36671EA845E2008344C7 /* MyFirstSwiftDomeTests */,
				648E36721EA845E2008344C7 /* MyFirstSwiftDomeUITests */,
			);
		};
/* End PBXProject section */

/* Begin PBXResourcesBuildPhase section */
		648E36521EA845E1008344C7 /* Resources */ = {
			isa = PBXResourcesBuildPhase;
			buildActionMask = 2147483647;
			files = (
				648E36621EA845E2008344C7 /* LaunchScreen.storyboard in Resources */,
				648E365F1EA845E2008344C7 /* Assets.xcassets in Resources */,
				648E36991EA875AB008344C7 /* 书包看书.png in Resources */,
				648E365D1EA845E2008344C7 /* Main.storyboard in Resources */,
			);
			runOnlyForDeploymentPostprocessing = 0;
		};
		648E36661EA845E2008344C7 /* Resources */ = {
			isa = PBXResourcesBuildPhase;
			buildActionMask = 2147483647;
			files = (
			);
			runOnlyForDeploymentPostprocessing = 0;
		};
		648E36711EA845E2008344C7 /* Resources */ = {
			isa = PBXResourcesBuildPhase;
			buildActionMask = 2147483647;
			files = (
			);
			runOnlyForDeploymentPostprocessing = 0;
		};
/* End PBXResourcesBuildPhase section */

/* Begin PBXSourcesBuildPhase section */
		648E36501EA845E1008344C7 /* Sources */ = {
			isa = PBXSourcesBuildPhase;
			buildActionMask = 2147483647;
			files = (
				648E368F1EA85F18008344C7 /* ButtonViewController.swift in Sources */,
				648E36581EA845E2008344C7 /* AppDelegate.swift in Sources */,
				648E36931EA86057008344C7 /* TextFieldViewController.swift in Sources */,
				648E36951EA86090008344C7 /* ImageViewController.swift in Sources */,
				648E36911EA85FDE008344C7 /* ViewViewController.swift in Sources */,
				648E36971EA860FF008344C7 /* BaseViewController.swift in Sources */,
				648E36861EA84614008344C7 /* MainViewController.swift in Sources */,
				648E368D1EA855F0008344C7 /* LabelViewController.swift in Sources */,
			);
			runOnlyForDeploymentPostprocessing = 0;
		};
		648E36641EA845E2008344C7 /* Sources */ = {
			isa = PBXSourcesBuildPhase;
			buildActionMask = 2147483647;
			files = (
				648E366D1EA845E2008344C7 /* MyFirstSwiftDomeTests.swift in Sources */,
			);
			runOnlyForDeploymentPostprocessing = 0;
		};
		648E366F1EA845E2008344C7 /* Sources */ = {
			isa = PBXSourcesBuildPhase;
			buildActionMask = 2147483647;
			files = (
				648E36781EA845E2008344C7 /* MyFirstSwiftDomeUITests.swift in Sources */,
			);
			runOnlyForDeploymentPostprocessing = 0;
		};
/* End PBXSourcesBuildPhase section */

/* Begin PBXTargetDependency section */
		648E366A1EA845E2008344C7 /* PBXTargetDependency */ = {
			isa = PBXTargetDependency;
			target = 648E36531EA845E1008344C7 /* MyFirstSwiftDome */;
			targetProxy = 648E36691EA845E2008344C7 /* PBXContainerItemProxy */;
		};
		648E36751EA845E2008344C7 /* PBXTargetDependency */ = {
			isa = PBXTargetDependency;
			target = 648E36531EA845E1008344C7 /* MyFirstSwiftDome */;
			targetProxy = 648E36741EA845E2008344C7 /* PBXContainerItemProxy */;
		};
/* End PBXTargetDependency section */

/* Begin PBXVariantGroup section */
		648E365B1EA845E2008344C7 /* Main.storyboard */ = {
			isa = PBXVariantGroup;
			children = (
				648E365C1EA845E2008344C7 /* Base */,
			);
			name = Main.storyboard;
			sourceTree = "<group>";
		};
		648E36601EA845E2008344C7 /* LaunchScreen.storyboard */ = {
			isa = PBXVariantGroup;
			children = (
				648E36611EA845E2008344C7 /* Base */,
			);
			name = LaunchScreen.storyboard;
			sourceTree = "<group>";
		};
/* End PBXVariantGroup section */

/* Begin XCBuildConfiguration section */
		648E367A1EA845E2008344C7 /* Debug */ = {
			isa = XCBuildConfiguration;
			buildSettings = {
				ALWAYS_SEARCH_USER_PATHS = NO;
				CLANG_ANALYZER_NONNULL = YES;
				CLANG_CXX_LANGUAGE_STANDARD = "gnu++0x";
				CLANG_CXX_LIBRARY = "libc++";
				CLANG_ENABLE_MODULES = YES;
				CLANG_ENABLE_OBJC_ARC = YES;
				CLANG_WARN_BOOL_CONVERSION = YES;
				CLANG_WARN_CONSTANT_CONVERSION = YES;
				CLANG_WARN_DIRECT_OBJC_ISA_USAGE = YES_ERROR;
				CLANG_WARN_DOCUMENTATION_COMMENTS = YES;
				CLANG_WARN_EMPTY_BODY = YES;
				CLANG_WARN_ENUM_CONVERSION = YES;
				CLANG_WARN_INFINITE_RECURSION = YES;
				CLANG_WARN_INT_CONVERSION = YES;
				CLANG_WARN_OBJC_ROOT_CLASS = YES_ERROR;
				CLANG_WARN_SUSPICIOUS_MOVE = YES;
				CLANG_WARN_UNREACHABLE_CODE = YES;
				CLANG_WARN__DUPLICATE_METHOD_MATCH = YES;
				"CODE_SIGN_IDENTITY[sdk=iphoneos*]" = "iPhone Developer";
				COPY_PHASE_STRIP = NO;
				DEBUG_INFORMATION_FORMAT = dwarf;
				ENABLE_STRICT_OBJC_MSGSEND = YES;
				ENABLE_TESTABILITY = YES;
				GCC_C_LANGUAGE_STANDARD = gnu99;
				GCC_DYNAMIC_NO_PIC = NO;
				GCC_NO_COMMON_BLOCKS = YES;
				GCC_OPTIMIZATION_LEVEL = 0;
				GCC_PREPROCESSOR_DEFINITIONS = (
					"DEBUG=1",
					"$(inherited)",
				);
				GCC_WARN_64_TO_32_BIT_CONVERSION = YES;
				GCC_WARN_ABOUT_RETURN_TYPE = YES_ERROR;
				GCC_WARN_UNDECLARED_SELECTOR = YES;
				GCC_WARN_UNINITIALIZED_AUTOS = YES_AGGRESSIVE;
				GCC_WARN_UNUSED_FUNCTION = YES;
				GCC_WARN_UNUSED_VARIABLE = YES;
				IPHONEOS_DEPLOYMENT_TARGET = 10.2;
				MTL_ENABLE_DEBUG_INFO = YES;
				ONLY_ACTIVE_ARCH = YES;
				SDKROOT = iphoneos;
				SWIFT_ACTIVE_COMPILATION_CONDITIONS = DEBUG;
				SWIFT_OPTIMIZATION_LEVEL = "-Onone";
				TARGETED_DEVICE_FAMILY = "1,2";
			};
			name = Debug;
		};
		648E367B1EA845E2008344C7 /* Release */ = {
			isa = XCBuildConfiguration;
			buildSettings = {
				ALWAYS_SEARCH_USER_PATHS = NO;
				CLANG_ANALYZER_NONNULL = YES;
				CLANG_CXX_LANGUAGE_STANDARD = "gnu++0x";
				CLANG_CXX_LIBRARY = "libc++";
				CLANG_ENABLE_MODULES = YES;
				CLANG_ENABLE_OBJC_ARC = YES;
				CLANG_WARN_BOOL_CONVERSION = YES;
				CLANG_WARN_CONSTANT_CONVERSION = YES;
				CLANG_WARN_DIRECT_OBJC_ISA_USAGE = YES_ERROR;
				CLANG_WARN_DOCUMENTATION_COMMENTS = YES;
				CLANG_WARN_EMPTY_BODY = YES;
				CLANG_WARN_ENUM_CONVERSION = YES;
				CLANG_WARN_INFINITE_RECURSION = YES;
				CLANG_WARN_INT_CONVERSION = YES;
				CLANG_WARN_OBJC_ROOT_CLASS = YES_ERROR;
				CLANG_WARN_SUSPICIOUS_MOVE = YES;
				CLANG_WARN_UNREACHABLE_CODE = YES;
				CLANG_WARN__DUPLICATE_METHOD_MATCH = YES;
				"CODE_SIGN_IDENTITY[sdk=iphoneos*]" = "iPhone Developer";
				COPY_PHASE_STRIP = NO;
				DEBUG_INFORMATION_FORMAT = "dwarf-with-dsym";
				ENABLE_NS_ASSERTIONS = NO;
				ENABLE_STRICT_OBJC_MSGSEND = YES;
				GCC_C_LANGUAGE_STANDARD = gnu99;
				GCC_NO_COMMON_BLOCKS = YES;
				GCC_WARN_64_TO_32_BIT_CONVERSION = YES;
				GCC_WARN_ABOUT_RETURN_TYPE = YES_ERROR;
				GCC_WARN_UNDECLARED_SELECTOR = YES;
				GCC_WARN_UNINITIALIZED_AUTOS = YES_AGGRESSIVE;
				GCC_WARN_UNUSED_FUNCTION = YES;
				GCC_WARN_UNUSED_VARIABLE = YES;
				IPHONEOS_DEPLOYMENT_TARGET = 10.2;
				MTL_ENABLE_DEBUG_INFO = NO;
				SDKROOT = iphoneos;
				SWIFT_OPTIMIZATION_LEVEL = "-Owholemodule";
				TARGETED_DEVICE_FAMILY = "1,2";
				VALIDATE_PRODUCT = YES;
			};
			name = Release;
		};
		648E367D1EA845E2008344C7 /* Debug */ = {
			isa = XCBuildConfiguration;
			buildSettings = {
				ASSETCATALOG_COMPILER_APPICON_NAME = AppIcon;
				DEVELOPMENT_TEAM = 3LNCXDL3W9;
				INFOPLIST_FILE = MyFirstSwiftDome/Info.plist;
				LD_RUNPATH_SEARCH_PATHS = "$(inherited) @executable_path/Frameworks";
				PRODUCT_BUNDLE_IDENTIFIER = com.shenn13.MyFirstSwiftDome;
				PRODUCT_NAME = "$(TARGET_NAME)";
				SWIFT_VERSION = 3.0;
			};
			name = Debug;
		};
		648E367E1EA845E2008344C7 /* Release */ = {
			isa = XCBuildConfiguration;
			buildSettings = {
				ASSETCATALOG_COMPILER_APPICON_NAME = AppIcon;
				DEVELOPMENT_TEAM = 3LNCXDL3W9;
				INFOPLIST_FILE = MyFirstSwiftDome/Info.plist;
				LD_RUNPATH_SEARCH_PATHS = "$(inherited) @executable_path/Frameworks";
				PRODUCT_BUNDLE_IDENTIFIER = com.shenn13.MyFirstSwiftDome;
				PRODUCT_NAME = "$(TARGET_NAME)";
				SWIFT_VERSION = 3.0;
			};
			name = Release;
		};
		648E36801EA845E2008344C7 /* Debug */ = {
			isa = XCBuildConfiguration;
			buildSettings = {
				ALWAYS_EMBED_SWIFT_STANDARD_LIBRARIES = YES;
				BUNDLE_LOADER = "$(TEST_HOST)";
				DEVELOPMENT_TEAM = 3LNCXDL3W9;
				INFOPLIST_FILE = MyFirstSwiftDomeTests/Info.plist;
				LD_RUNPATH_SEARCH_PATHS = "$(inherited) @executable_path/Frameworks @loader_path/Frameworks";
				PRODUCT_BUNDLE_IDENTIFIER = com.shenn13.MyFirstSwiftDomeTests;
				PRODUCT_NAME = "$(TARGET_NAME)";
				SWIFT_VERSION = 3.0;
				TEST_HOST = "$(BUILT_PRODUCTS_DIR)/MyFirstSwiftDome.app/MyFirstSwiftDome";
			};
			name = Debug;
		};
		648E36811EA845E2008344C7 /* Release */ = {
			isa = XCBuildConfiguration;
			buildSettings = {
				ALWAYS_EMBED_SWIFT_STANDARD_LIBRARIES = YES;
				BUNDLE_LOADER = "$(TEST_HOST)";
				DEVELOPMENT_TEAM = 3LNCXDL3W9;
				INFOPLIST_FILE = MyFirstSwiftDomeTests/Info.plist;
				LD_RUNPATH_SEARCH_PATHS = "$(inherited) @executable_path/Frameworks @loader_path/Frameworks";
				PRODUCT_BUNDLE_IDENTIFIER = com.shenn13.MyFirstSwiftDomeTests;
				PRODUCT_NAME = "$(TARGET_NAME)";
				SWIFT_VERSION = 3.0;
				TEST_HOST = "$(BUILT_PRODUCTS_DIR)/MyFirstSwiftDome.app/MyFirstSwiftDome";
			};
			name = Release;
		};
		648E36831EA845E2008344C7 /* Debug */ = {
			isa = XCBuildConfiguration;
			buildSettings = {
				ALWAYS_EMBED_SWIFT_STANDARD_LIBRARIES = YES;
				DEVELOPMENT_TEAM = 3LNCXDL3W9;
				INFOPLIST_FILE = MyFirstSwiftDomeUITests/Info.plist;
				LD_RUNPATH_SEARCH_PATHS = "$(inherited) @executable_path/Frameworks @loader_path/Frameworks";
				PRODUCT_BUNDLE_IDENTIFIER = com.shenn13.MyFirstSwiftDomeUITests;
				PRODUCT_NAME = "$(TARGET_NAME)";
				SWIFT_VERSION = 3.0;
				TEST_TARGET_NAME = MyFirstSwiftDome;
			};
			name = Debug;
		};
		648E36841EA845E2008344C7 /* Release */ = {
			isa = XCBuildConfiguration;
			buildSettings = {
				ALWAYS_EMBED_SWIFT_STANDARD_LIBRARIES = YES;
				DEVELOPMENT_TEAM = 3LNCXDL3W9;
				INFOPLIST_FILE = MyFirstSwiftDomeUITests/Info.plist;
				LD_RUNPATH_SEARCH_PATHS = "$(inherited) @executable_path/Frameworks @loader_path/Frameworks";
				PRODUCT_BUNDLE_IDENTIFIER = com.shenn13.MyFirstSwiftDomeUITests;
				PRODUCT_NAME = "$(TARGET_NAME)";
				SWIFT_VERSION = 3.0;
				TEST_TARGET_NAME = MyFirstSwiftDome;
			};
			name = Release;
		};
/* End XCBuildConfiguration section */

/* Begin XCConfigurationList section */
		648E364F1EA845E1008344C7 /* Build configuration list for PBXProject "MyFirstSwiftDome" */ = {
			isa = XCConfigurationList;
			buildConfigurations = (
				648E367A1EA845E2008344C7 /* Debug */,
				648E367B1EA845E2008344C7 /* Release */,
			);
			defaultConfigurationIsVisible = 0;
			defaultConfigurationName = Release;
		};
		648E367C1EA845E2008344C7 /* Build configuration list for PBXNativeTarget "MyFirstSwiftDome" */ = {
			isa = XCConfigurationList;
			buildConfigurations = (
				648E367D1EA845E2008344C7 /* Debug */,
				648E367E1EA845E2008344C7 /* Release */,
			);
			defaultConfigurationIsVisible = 0;
			defaultConfigurationName = Release;
		};
		648E367F1EA845E2008344C7 /* Build configuration list for PBXNativeTarget "MyFirstSwiftDomeTests" */ = {
			isa = XCConfigurationList;
			buildConfigurations = (
				648E36801EA845E2008344C7 /* Debug */,
				648E36811EA845E2008344C7 /* Release */,
			);
			defaultConfigurationIsVisible = 0;
			defaultConfigurationName = Release;
		};
		648E36821EA845E2008344C7 /* Build configuration list for PBXNativeTarget "MyFirstSwiftDomeUITests" */ = {
			isa = XCConfigurationList;
			buildConfigurations = (
				648E36831EA845E2008344C7 /* Debug */,
				648E36841EA845E2008344C7 /* Release */,
			);
			defaultConfigurationIsVisible = 0;
			defaultConfigurationName = Release;
		};
/* End XCConfigurationList section */
	};
	rootObject = 648E364C1EA845E1008344C7 /* Project object */;
}
